
Microsoft Visual Studio Solution File, Format Version 12.00
# Visual Studio 2012
Project("{FAE04EC0-301F-11D3-BF4B-00C04F79EFBC}") = "Iris Recognition", "Iris Recognition\Iris Recognition.csproj", "{CF30484F-F2D5-4155-B908-5CEE9C2FD3E1}"
EndProject
Project("{FAE04EC0-301F-11D3-BF4B-00C04F79EFBC}") = "IrisRecognitionWPFDemo", "IrisRecognitionWPFDemo\IrisRecognitionWPFDemo.csproj", "{16292F2A-B17F-484A-8F18-36E0A1EC3783}"
EndProject
Project("{FAE04EC0-301F-11D3-BF4B-00C04F79EFBC}") = "IrisMatchReportGenerator", "IrisMatchReportGenerator\IrisMatchReportGenerator.csproj", "{F9A78C3B-FC0A-429C-BAF3-1439712EA53E}"
EndProject
Global
	GlobalSection(SolutionConfigurationPlatforms) = preSolution
		Debug|Any CPU = Debug|Any CPU
		Debug|Mixed Platforms = Debug|Mixed Platforms
		Debug|x86 = Debug|x86
		Release|Any CPU = Release|Any CPU
		Release|Mixed Platforms = Release|Mixed Platforms
		Release|x86 = Release|x86
	EndGlobalSection
	GlobalSection(ProjectConfigurationPlatforms) = postSolution
		{CF30484F-F2D5-4155-B908-5CEE9C2FD3E1}.Debug|Any CPU.ActiveCfg = Debug|Any CPU
		{CF30484F-F2D5-4155-B908-5CEE9C2FD3E1}.Debug|Any CPU.Build.0 = Debug|Any CPU
		{CF30484F-F2D5-4155-B908-5CEE9C2FD3E1}.Debug|Mixed Platforms.ActiveCfg = Debug|Any CPU
		{CF30484F-F2D5-4155-B908-5CEE9C2FD3E1}.Debug|Mixed Platforms.Build.0 = Debug|Any CPU
		{CF30484F-F2D5-4155-B908-5CEE9C2FD3E1}.Debug|x86.ActiveCfg = Debug|Any CPU
		{CF30484F-F2D5-4155-B908-5CEE9C2FD3E1}.Release|Any CPU.ActiveCfg = Release|Any CPU
		{CF30484F-F2D5-4155-B908-5CEE9C2FD3E1}.Release|Any CPU.Build.0 = Release|Any CPU
		{CF30484F-F2D5-4155-B908-5CEE9C2FD3E1}.Release|Mixed Platforms.ActiveCfg = Release|Any CPU
		{CF30484F-F2D5-4155-B908-5CEE9C2FD3E1}.Release|Mixed Platforms.Build.0 = Release|Any CPU
		{CF30484F-F2D5-4155-B908-5CEE9C2FD3E1}.Release|x86.ActiveCfg = Release|Any CPU
		{16292F2A-B17F-484A-8F18-36E0A1EC3783}.Debug|Any CPU.ActiveCfg = Debug|Any CPU
		{16292F2A-B17F-484A-8F18-36E0A1EC3783}.Debug|Any CPU.Build.0 = Debug|Any CPU
		{16292F2A-B17F-484A-8F18-36E0A1EC3783}.Debug|Mixed Platforms.ActiveCfg = Debug|Any CPU
		{16292F2A-B17F-484A-8F18-36E0A1EC3783}.Debug|Mixed Platforms.Build.0 = Debug|Any CPU
		{16292F2A-B17F-484A-8F18-36E0A1EC3783}.Debug|x86.ActiveCfg = Debug|Any CPU
		{16292F2A-B17F-484A-8F18-36E0A1EC3783}.Release|Any CPU.ActiveCfg = Release|Any CPU
		{16292F2A-B17F-484A-8F18-36E0A1EC3783}.Release|Any CPU.Build.0 = Release|Any CPU
		{16292F2A-B17F-484A-8F18-36E0A1EC3783}.Release|Mixed Platforms.ActiveCfg = Release|Any CPU
		{16292F2A-B17F-484A-8F18-36E0A1EC3783}.Release|Mixed Platforms.Build.0 = Release|Any CPU
		{16292F2A-B17F-484A-8F18-36E0A1EC3783}.Release|x86.ActiveCfg = Release|Any CPU
		{F9A78C3B-FC0A-429C-BAF3-1439712EA53E}.Debug|Any CPU.ActiveCfg = Debug|Any CPU
		{F9A78C3B-FC0A-429C-BAF3-1439712EA53E}.Debug|Any CPU.Build.0 = Debug|Any CPU
		{F9A78C3B-FC0A-429C-BAF3-1439712EA53E}.Debug|Mixed Platforms.ActiveCfg = Debug|Any CPU
		{F9A78C3B-FC0A-429C-BAF3-1439712EA53E}.Debug|Mixed Platforms.Build.0 = Debug|Any CPU
		{F9A78C3B-FC0A-429C-BAF3-1439712EA53E}.Debug|x86.ActiveCfg = Debug|Any CPU
		{F9A78C3B-FC0A-429C-BAF3-1439712EA53E}.Release|Any CPU.ActiveCfg = Release|Any CPU
		{F9A78C3B-FC0A-429C-BAF3-1439712EA53E}.Release|Any CPU.Build.0 = Release|Any CPU
		{F9A78C3B-FC0A-429C-BAF3-1439712EA53E}.Release|Mixed Platforms.ActiveCfg = Release|Any CPU
		{F9A78C3B-FC0A-429C-BAF3-1439712EA53E}.Release|Mixed Platforms.Build.0 = Release|Any CPU
		{F9A78C3B-FC0A-429C-BAF3-1439712EA53E}.Release|x86.ActiveCfg = Release|Any CPU
	EndGlobalSection
	GlobalSection(SolutionProperties) = preSolution
		HideSolutionNode = FALSE
	EndGlobalSection
EndGlobal
